
Microsoft Visual Studio Solution File, Format Version 12.00
# Visual Studio Version 17
VisualStudioVersion = 17.4.33110.190
MinimumVisualStudioVersion = 10.0.40219.1
Project("{FAE04EC0-301F-11D3-BF4B-00C04F79EFBC}") = "UC-2MaxFloatNum", "UC-2MaxFloatNum.csproj", "{C8A4EC45-6585-4D85-A6EF-BD1F7AB999CE}"
EndProject
Global
	GlobalSection(SolutionConfigurationPlatforms) = preSolution
		Debug|Any CPU = Debug|Any CPU
		Release|Any CPU = Release|Any CPU
	EndGlobalSection
	GlobalSection(ProjectConfigurationPlatforms) = postSolution
		{C8A4EC45-6585-4D85-A6EF-BD1F7AB999CE}.Debug|Any CPU.ActiveCfg = Debug|Any CPU
		{C8A4EC45-6585-4D85-A6EF-BD1F7AB999CE}.Debug|Any CPU.Build.0 = Debug|Any CPU
		{C8A4EC45-6585-4D85-A6EF-BD1F7AB999CE}.Release|Any CPU.ActiveCfg = Release|Any CPU
		{C8A4EC45-6585-4D85-A6EF-BD1F7AB999CE}.Release|Any CPU.Build.0 = Release|Any CPU
	EndGlobalSection
	GlobalSection(SolutionProperties) = preSolution
		HideSolutionNode = FALSE
	EndGlobalSection
	GlobalSection(ExtensibilityGlobals) = postSolution
		SolutionGuid = {BBCB5FB5-0477-417B-A5C0-25C02E12B959}
	EndGlobalSection
EndGlobal
